
Microsoft Visual Studio Solution File, Format Version 12.00
# Visual Studio Version 16
VisualStudioVersion = 16.0.29926.136
MinimumVisualStudioVersion = 10.0.40219.1
Project("{FAE04EC0-301F-11D3-BF4B-00C04F79EFBC}") = "ConsoleApp1", "ConsoleApp1\ConsoleApp1.csproj", "{DDC5D1D4-9FD7-4972-B63B-0C61944FEEEB}"
EndProject
Global
	GlobalSection(SolutionConfigurationPlatforms) = preSolution
		Debug|Any CPU = Debug|Any CPU
		Release|Any CPU = Release|Any CPU
	EndGlobalSection
	GlobalSection(ProjectConfigurationPlatforms) = postSolution
		{DDC5D1D4-9FD7-4972-B63B-0C61944FEEEB}.Debug|Any CPU.ActiveCfg = Debug|Any CPU
		{DDC5D1D4-9FD7-4972-B63B-0C61944FEEEB}.Debug|Any CPU.Build.0 = Debug|Any CPU
		{DDC5D1D4-9FD7-4972-B63B-0C61944FEEEB}.Release|Any CPU.ActiveCfg = Release|Any CPU
		{DDC5D1D4-9FD7-4972-B63B-0C61944FEEEB}.Release|Any CPU.Build.0 = Release|Any CPU
	EndGlobalSection
	GlobalSection(SolutionProperties) = preSolution
		HideSolutionNode = FALSE
	EndGlobalSection
	GlobalSection(ExtensibilityGlobals) = postSolution
		SolutionGuid = {B394CA3A-AE14-489E-916E-DCEC6845E246}
	EndGlobalSection
EndGlobal
